
Microsoft Visual Studio Solution File, Format Version 12.00
# Visual Studio Version 17
VisualStudioVersion = 17.14.36429.23 d17.14
MinimumVisualStudioVersion = 10.0.40219.1
Project("{FAE04EC0-301F-11D3-BF4B-00C04F79EFBC}") = "ST10291238_PROG7312_POE", "ST10291238_PROG7312_POE\ST10291238_PROG7312_POE.csproj", "{059F2D88-A83B-47F3-B6B4-78A7D6EA4145}"
EndProject
Global
	GlobalSection(SolutionConfigurationPlatforms) = preSolution
		Debug|Any CPU = Debug|Any CPU
		Release|Any CPU = Release|Any CPU
	EndGlobalSection
	GlobalSection(ProjectConfigurationPlatforms) = postSolution
		{059F2D88-A83B-47F3-B6B4-78A7D6EA4145}.Debug|Any CPU.ActiveCfg = Debug|Any CPU
		{059F2D88-A83B-47F3-B6B4-78A7D6EA4145}.Debug|Any CPU.Build.0 = Debug|Any CPU
		{059F2D88-A83B-47F3-B6B4-78A7D6EA4145}.Release|Any CPU.ActiveCfg = Release|Any CPU
		{059F2D88-A83B-47F3-B6B4-78A7D6EA4145}.Release|Any CPU.Build.0 = Release|Any CPU
	EndGlobalSection
	GlobalSection(SolutionProperties) = preSolution
		HideSolutionNode = FALSE
	EndGlobalSection
	GlobalSection(ExtensibilityGlobals) = postSolution
		SolutionGuid = {A753F6DE-D9C0-4F62-BB24-963349F72DEC}
	EndGlobalSection
EndGlobal
